
Microsoft Visual Studio Solution File, Format Version 12.00
# Visual Studio Version 17
VisualStudioVersion = 17.3.32811.315
MinimumVisualStudioVersion = 10.0.40219.1
Project("{FAE04EC0-301F-11D3-BF4B-00C04F79EFBC}") = "Proyectos", "Proyectos\Proyectos.csproj", "{D4C74AB1-D05C-4A82-AEC0-2B089F106D6E}"
EndProject
Project("{2150E333-8FDC-42A3-9474-1A3956D46DE8}") = "Clase_01", "Clase_01", "{1E241931-88F6-43E7-9502-EFE3507192C6}"
EndProject
Project("{FAE04EC0-301F-11D3-BF4B-00C04F79EFBC}") = "Ejercicio_01", "Ejercicio_01\Ejercicio_01.csproj", "{C9826CEA-8A44-4BE5-9572-E98CEBD0A834}"
EndProject
Project("{FAE04EC0-301F-11D3-BF4B-00C04F79EFBC}") = "Ejercicio_02", "Ejercicio_02\Ejercicio_02.csproj", "{4FD0B760-03F9-4CA2-9069-CB9326EBADBA}"
EndProject
Global
	GlobalSection(SolutionConfigurationPlatforms) = preSolution
		Debug|Any CPU = Debug|Any CPU
		Release|Any CPU = Release|Any CPU
	EndGlobalSection
	GlobalSection(ProjectConfigurationPlatforms) = postSolution
		{D4C74AB1-D05C-4A82-AEC0-2B089F106D6E}.Debug|Any CPU.ActiveCfg = Debug|Any CPU
		{D4C74AB1-D05C-4A82-AEC0-2B089F106D6E}.Debug|Any CPU.Build.0 = Debug|Any CPU
		{D4C74AB1-D05C-4A82-AEC0-2B089F106D6E}.Release|Any CPU.ActiveCfg = Release|Any CPU
		{D4C74AB1-D05C-4A82-AEC0-2B089F106D6E}.Release|Any CPU.Build.0 = Release|Any CPU
		{C9826CEA-8A44-4BE5-9572-E98CEBD0A834}.Debug|Any CPU.ActiveCfg = Debug|Any CPU
		{C9826CEA-8A44-4BE5-9572-E98CEBD0A834}.Debug|Any CPU.Build.0 = Debug|Any CPU
		{C9826CEA-8A44-4BE5-9572-E98CEBD0A834}.Release|Any CPU.ActiveCfg = Release|Any CPU
		{C9826CEA-8A44-4BE5-9572-E98CEBD0A834}.Release|Any CPU.Build.0 = Release|Any CPU
		{4FD0B760-03F9-4CA2-9069-CB9326EBADBA}.Debug|Any CPU.ActiveCfg = Debug|Any CPU
		{4FD0B760-03F9-4CA2-9069-CB9326EBADBA}.Debug|Any CPU.Build.0 = Debug|Any CPU
		{4FD0B760-03F9-4CA2-9069-CB9326EBADBA}.Release|Any CPU.ActiveCfg = Release|Any CPU
		{4FD0B760-03F9-4CA2-9069-CB9326EBADBA}.Release|Any CPU.Build.0 = Release|Any CPU
	EndGlobalSection
	GlobalSection(SolutionProperties) = preSolution
		HideSolutionNode = FALSE
	EndGlobalSection
	GlobalSection(NestedProjects) = preSolution
		{C9826CEA-8A44-4BE5-9572-E98CEBD0A834} = {1E241931-88F6-43E7-9502-EFE3507192C6}
		{4FD0B760-03F9-4CA2-9069-CB9326EBADBA} = {1E241931-88F6-43E7-9502-EFE3507192C6}
	EndGlobalSection
	GlobalSection(ExtensibilityGlobals) = postSolution
		SolutionGuid = {7871F38D-EA16-4FA9-A458-6A5C2259E11E}
	EndGlobalSection
EndGlobal
